
Microsoft Visual Studio Solution File, Format Version 12.00
# Visual Studio 2012
Project("{FAE04EC0-301F-11D3-BF4B-00C04F79EFBC}") = "Juke-Mobile-Model", "Juke-Mobile-Model\Juke-Mobile-Model.csproj", "{9013F4B7-2FEF-43A2-8FE3-DABF60041CEF}"
EndProject
Project("{FAE04EC0-301F-11D3-BF4B-00C04F79EFBC}") = "Juke-Mobile-Core", "Juke-Mobile-Core\Juke-Mobile-Core.csproj", "{56D5211E-3847-43B9-A974-5A798DF1AC0C}"
EndProject
Project("{2150E333-8FDC-42A3-9474-1A3956D46DE8}") = ".nuget", ".nuget", "{A9BD20E5-2C17-4A81-93D4-259DCAF43261}"
	ProjectSection(SolutionItems) = preProject
		.nuget\NuGet.Config = .nuget\NuGet.Config
		.nuget\NuGet.exe = .nuget\NuGet.exe
		.nuget\NuGet.targets = .nuget\NuGet.targets
		.nuget\packages.config = .nuget\packages.config
	EndProjectSection
EndProject
Project("{FAE04EC0-301F-11D3-BF4B-00C04F79EFBC}") = "Juke-Mobile-Gui", "Juke-Mobile-Gui\Juke-Mobile-Gui.csproj", "{323E8EDB-3A1D-48F1-A7E1-A17A981E7574}"
EndProject
Global
	GlobalSection(SolutionConfigurationPlatforms) = preSolution
		Debug|Any CPU = Debug|Any CPU
		Release|Any CPU = Release|Any CPU
	EndGlobalSection
	GlobalSection(ProjectConfigurationPlatforms) = postSolution
		{9013F4B7-2FEF-43A2-8FE3-DABF60041CEF}.Debug|Any CPU.ActiveCfg = Debug|Any CPU
		{9013F4B7-2FEF-43A2-8FE3-DABF60041CEF}.Debug|Any CPU.Build.0 = Debug|Any CPU
		{9013F4B7-2FEF-43A2-8FE3-DABF60041CEF}.Release|Any CPU.ActiveCfg = Release|Any CPU
		{9013F4B7-2FEF-43A2-8FE3-DABF60041CEF}.Release|Any CPU.Build.0 = Release|Any CPU
		{56D5211E-3847-43B9-A974-5A798DF1AC0C}.Debug|Any CPU.ActiveCfg = Debug|Any CPU
		{56D5211E-3847-43B9-A974-5A798DF1AC0C}.Debug|Any CPU.Build.0 = Debug|Any CPU
		{56D5211E-3847-43B9-A974-5A798DF1AC0C}.Release|Any CPU.ActiveCfg = Release|Any CPU
		{56D5211E-3847-43B9-A974-5A798DF1AC0C}.Release|Any CPU.Build.0 = Release|Any CPU
		{323E8EDB-3A1D-48F1-A7E1-A17A981E7574}.Debug|Any CPU.ActiveCfg = Debug|Any CPU
		{323E8EDB-3A1D-48F1-A7E1-A17A981E7574}.Debug|Any CPU.Build.0 = Debug|Any CPU
		{323E8EDB-3A1D-48F1-A7E1-A17A981E7574}.Release|Any CPU.ActiveCfg = Release|Any CPU
		{323E8EDB-3A1D-48F1-A7E1-A17A981E7574}.Release|Any CPU.Build.0 = Release|Any CPU
	EndGlobalSection
	GlobalSection(SolutionProperties) = preSolution
		HideSolutionNode = FALSE
	EndGlobalSection
EndGlobal
